
Microsoft Visual Studio Solution File, Format Version 12.00
# Visual Studio Version 17
VisualStudioVersion = 17.5.33424.131
MinimumVisualStudioVersion = 10.0.40219.1
Project("{8BC9CEB8-8B4A-11D0-8D11-00A0C91BC942}") = "Work42.3", "Work42.3\Work42.3.vcxproj", "{F195F1CA-360B-4074-8A6D-0E91EDB26175}"
EndProject
Global
	GlobalSection(SolutionConfigurationPlatforms) = preSolution
		Debug|x64 = Debug|x64
		Debug|x86 = Debug|x86
		Release|x64 = Release|x64
		Release|x86 = Release|x86
	EndGlobalSection
	GlobalSection(ProjectConfigurationPlatforms) = postSolution
		{F195F1CA-360B-4074-8A6D-0E91EDB26175}.Debug|x64.ActiveCfg = Debug|x64
		{F195F1CA-360B-4074-8A6D-0E91EDB26175}.Debug|x64.Build.0 = Debug|x64
		{F195F1CA-360B-4074-8A6D-0E91EDB26175}.Debug|x86.ActiveCfg = Debug|Win32
		{F195F1CA-360B-4074-8A6D-0E91EDB26175}.Debug|x86.Build.0 = Debug|Win32
		{F195F1CA-360B-4074-8A6D-0E91EDB26175}.Release|x64.ActiveCfg = Release|x64
		{F195F1CA-360B-4074-8A6D-0E91EDB26175}.Release|x64.Build.0 = Release|x64
		{F195F1CA-360B-4074-8A6D-0E91EDB26175}.Release|x86.ActiveCfg = Release|Win32
		{F195F1CA-360B-4074-8A6D-0E91EDB26175}.Release|x86.Build.0 = Release|Win32
	EndGlobalSection
	GlobalSection(SolutionProperties) = preSolution
		HideSolutionNode = FALSE
	EndGlobalSection
	GlobalSection(ExtensibilityGlobals) = postSolution
		SolutionGuid = {5A449A8F-F31C-4810-99B7-F554FED5527D}
	EndGlobalSection
EndGlobal
